// !$*UTF8*$!
{
	archiveVersion = 1;
	classes = {
	};
	objectVersion = 48;
	objects = {

/* Begin PBXBuildFile section */
		B621EE531FC3FE890080E310 /* AppDelegate.swift in Sources */ = {isa = PBXBuildFile; fileRef = B621EE521FC3FE890080E310 /* AppDelegate.swift */; };
		B621EE551FC3FE890080E310 /* ViewController.swift in Sources */ = {isa = PBXBuildFile; fileRef = B621EE541FC3FE890080E310 /* ViewController.swift */; };
		B621EE581FC3FE890080E310 /* Main.storyboard in Resources */ = {isa = PBXBuildFile; fileRef = B621EE561FC3FE890080E310 /* Main.storyboard */; };
		B621EE5B1FC3FE890080E310 /* MusicStream.xcdatamodeld in Sources */ = {isa = PBXBuildFile; fileRef = B621EE591FC3FE890080E310 /* MusicStream.xcdatamodeld */; };
		B621EE5D1FC3FE890080E310 /* Assets.xcassets in Resources */ = {isa = PBXBuildFile; fileRef = B621EE5C1FC3FE890080E310 /* Assets.xcassets */; };
		B621EE601FC3FE890080E310 /* LaunchScreen.storyboard in Resources */ = {isa = PBXBuildFile; fileRef = B621EE5E1FC3FE890080E310 /* LaunchScreen.storyboard */; };
/* End PBXBuildFile section */

/* Begin PBXFileReference section */
		B621EE4F1FC3FE890080E310 /* MusicStream.app */ = {isa = PBXFileReference; explicitFileType = wrapper.application; includeInIndex = 0; path = MusicStream.app; sourceTree = BUILT_PRODUCTS_DIR; };
		B621EE521FC3FE890080E310 /* AppDelegate.swift */ = {isa = PBXFileReference; lastKnownFileType = sourcecode.swift; path = AppDelegate.swift; sourceTree = "<group>"; };
		B621EE541FC3FE890080E310 /* ViewController.swift */ = {isa = PBXFileReference; lastKnownFileType = sourcecode.swift; path = ViewController.swift; sourceTree = "<group>"; };
		B621EE571FC3FE890080E310 /* Base */ = {isa = PBXFileReference; lastKnownFileType = file.storyboard; name = Base; path = Base.lproj/Main.storyboard; sourceTree = "<group>"; };
		B621EE5A1FC3FE890080E310 /* MusicStream.xcdatamodel */ = {isa = PBXFileReference; lastKnownFileType = wrapper.xcdatamodel; path = MusicStream.xcdatamodel; sourceTree = "<group>"; };
		B621EE5C1FC3FE890080E310 /* Assets.xcassets */ = {isa = PBXFileReference; lastKnownFileType = folder.assetcatalog; path = Assets.xcassets; sourceTree = "<group>"; };
		B621EE5F1FC3FE890080E310 /* Base */ = {isa = PBXFileReference; lastKnownFileType = file.storyboard; name = Base; path = Base.lproj/LaunchScreen.storyboard; sourceTree = "<group>"; };
		B621EE611FC3FE890080E310 /* Info.plist */ = {isa = PBXFileReference; lastKnownFileType = text.plist.xml; path = Info.plist; sourceTree = "<group>"; };
/* End PBXFileReference section */

/* Begin PBXFrameworksBuildPhase section */
		B621EE4C1FC3FE890080E310 /* Frameworks */ = {
			isa = PBXFrameworksBuildPhase;
			buildActionMask = 2147483647;
			files = (
			);
			runOnlyForDeploymentPostprocessing = 0;
		};
/* End PBXFrameworksBuildPhase section */

/* Begin PBXGroup section */
		B621EE461FC3FE890080E310 = {
			isa = PBXGroup;
			children = (
				B621EE511FC3FE890080E310 /* MusicStream */,
				B621EE501FC3FE890080E310 /* Products */,
			);
			sourceTree = "<group>";
		};
		B621EE501FC3FE890080E310 /* Products */ = {
			isa = PBXGroup;
			children = (
				B621EE4F1FC3FE890080E310 /* MusicStream.app */,
			);
			name = Products;
			sourceTree = "<group>";
		};
		B621EE511FC3FE890080E310 /* MusicStream */ = {
			isa = PBXGroup;
			children = (
				B621EE521FC3FE890080E310 /* AppDelegate.swift */,
				B621EE541FC3FE890080E310 /* ViewController.swift */,
				B621EE561FC3FE890080E310 /* Main.storyboard */,
				B621EE5C1FC3FE890080E310 /* Assets.xcassets */,
				B621EE5E1FC3FE890080E310 /* LaunchScreen.storyboard */,
				B621EE611FC3FE890080E310 /* Info.plist */,
				B621EE591FC3FE890080E310 /* MusicStream.xcdatamodeld */,
			);
			path = MusicStream;
			sourceTree = "<group>";
		};
/* End PBXGroup section */

/* Begin PBXNativeTarget section */
		B621EE4E1FC3FE890080E310 /* MusicStream */ = {
			isa = PBXNativeTarget;
			buildConfigurationList = B621EE641FC3FE890080E310 /* Build configuration list for PBXNativeTarget "MusicStream" */;
			buildPhases = (
				B621EE4B1FC3FE890080E310 /* Sources */,
				B621EE4C1FC3FE890080E310 /* Frameworks */,
				B621EE4D1FC3FE890080E310 /* Resources */,
			);
			buildRules = (
			);
			dependencies = (
			);
			name = MusicStream;
			productName = MusicStream;
			productReference = B621EE4F1FC3FE890080E310 /* MusicStream.app */;
			productType = "com.apple.product-type.application";
		};
/* End PBXNativeTarget section */

/* Begin PBXProject section */
		B621EE471FC3FE890080E310 /* Project object */ = {
			isa = PBXProject;
			attributes = {
				LastSwiftUpdateCheck = 0910;
				LastUpgradeCheck = 0910;
				ORGANIZATIONNAME = R.H;
				TargetAttributes = {
					B621EE4E1FC3FE890080E310 = {
						CreatedOnToolsVersion = 9.1;
						ProvisioningStyle = Automatic;
					};
				};
			};
			buildConfigurationList = B621EE4A1FC3FE890080E310 /* Build configuration list for PBXProject "MusicStream" */;
			compatibilityVersion = "Xcode 8.0";
			developmentRegion = en;
			hasScannedForEncodings = 0;
			knownRegions = (
				en,
				Base,
			);
			mainGroup = B621EE461FC3FE890080E310;
			productRefGroup = B621EE501FC3FE890080E310 /* Products */;
			projectDirPath = "";
			projectRoot = "";
			targets = (
				B621EE4E1FC3FE890080E310 /* MusicStream */,
			);
		};
/* End PBXProject section */

/* Begin PBXResourcesBuildPhase section */
		B621EE4D1FC3FE890080E310 /* Resources */ = {
			isa = PBXResourcesBuildPhase;
			buildActionMask = 2147483647;
			files = (
				B621EE601FC3FE890080E310 /* LaunchScreen.storyboard in Resources */,
				B621EE5D1FC3FE890080E310 /* Assets.xcassets in Resources */,
				B621EE581FC3FE890080E310 /* Main.storyboard in Resources */,
			);
			runOnlyForDeploymentPostprocessing = 0;
		};
/* End PBXResourcesBuildPhase section */

/* Begin PBXSourcesBuildPhase section */
		B621EE4B1FC3FE890080E310 /* Sources */ = {
			isa = PBXSourcesBuildPhase;
			buildActionMask = 2147483647;
			files = (
				B621EE551FC3FE890080E310 /* ViewController.swift in Sources */,
				B621EE531FC3FE890080E310 /* AppDelegate.swift in Sources */,
				B621EE5B1FC3FE890080E310 /* MusicStream.xcdatamodeld in Sources */,
			);
			runOnlyForDeploymentPostprocessing = 0;
		};
/* End PBXSourcesBuildPhase section */

/* Begin PBXVariantGroup section */
		B621EE561FC3FE890080E310 /* Main.storyboard */ = {
			isa = PBXVariantGroup;
			children = (
				B621EE571FC3FE890080E310 /* Base */,
			);
			name = Main.storyboard;
			sourceTree = "<group>";
		};
		B621EE5E1FC3FE890080E310 /* LaunchScreen.storyboard */ = {
			isa = PBXVariantGroup;
			children = (
				B621EE5F1FC3FE890080E310 /* Base */,
			);
			name = LaunchScreen.storyboard;
			sourceTree = "<group>";
		};
/* End PBXVariantGroup section */

/* Begin XCBuildConfiguration section */
		B621EE621FC3FE890080E310 /* Debug */ = {
			isa = XCBuildConfiguration;
			buildSettings = {
				ALWAYS_SEARCH_USER_PATHS = NO;
				CLANG_ANALYZER_NONNULL = YES;
				CLANG_ANALYZER_NUMBER_OBJECT_CONVERSION = YES_AGGRESSIVE;
				CLANG_CXX_LANGUAGE_STANDARD = "gnu++14";
				CLANG_CXX_LIBRARY = "libc++";
				CLANG_ENABLE_MODULES = YES;
				CLANG_ENABLE_OBJC_ARC = YES;
				CLANG_WARN_BLOCK_CAPTURE_AUTORELEASING = YES;
				CLANG_WARN_BOOL_CONVERSION = YES;
				CLANG_WARN_COMMA = YES;
				CLANG_WARN_CONSTANT_CONVERSION = YES;
				CLANG_WARN_DIRECT_OBJC_ISA_USAGE = YES_ERROR;
				CLANG_WARN_DOCUMENTATION_COMMENTS = YES;
				CLANG_WARN_EMPTY_BODY = YES;
				CLANG_WARN_ENUM_CONVERSION = YES;
				CLANG_WARN_INFINITE_RECURSION = YES;
				CLANG_WARN_INT_CONVERSION = YES;
				CLANG_WARN_NON_LITERAL_NULL_CONVERSION = YES;
				CLANG_WARN_OBJC_LITERAL_CONVERSION = YES;
				CLANG_WARN_OBJC_ROOT_CLASS = YES_ERROR;
				CLANG_WARN_RANGE_LOOP_ANALYSIS = YES;
				CLANG_WARN_STRICT_PROTOTYPES = YES;
				CLANG_WARN_SUSPICIOUS_MOVE = YES;
				CLANG_WARN_UNGUARDED_AVAILABILITY = YES_AGGRESSIVE;
				CLANG_WARN_UNREACHABLE_CODE = YES;
				CLANG_WARN__DUPLICATE_METHOD_MATCH = YES;
				CODE_SIGN_IDENTITY = "iPhone Developer";
				COPY_PHASE_STRIP = NO;
				DEBUG_INFORMATION_FORMAT = dwarf;
				ENABLE_STRICT_OBJC_MSGSEND = YES;
				ENABLE_TESTABILITY = YES;
				GCC_C_LANGUAGE_STANDARD = gnu11;
				GCC_DYNAMIC_NO_PIC = NO;
				GCC_NO_COMMON_BLOCKS = YES;
				GCC_OPTIMIZATION_LEVEL = 0;
				GCC_PREPROCESSOR_DEFINITIONS = (
					"DEBUG=1",
					"$(inherited)",
				);
				GCC_WARN_64_TO_32_BIT_CONVERSION = YES;
				GCC_WARN_ABOUT_RETURN_TYPE = YES_ERROR;
				GCC_WARN_UNDECLARED_SELECTOR = YES;
				GCC_WARN_UNINITIALIZED_AUTOS = YES_AGGRESSIVE;
				GCC_WARN_UNUSED_FUNCTION = YES;
				GCC_WARN_UNUSED_VARIABLE = YES;
				IPHONEOS_DEPLOYMENT_TARGET = 11.1;
				MTL_ENABLE_DEBUG_INFO = YES;
				ONLY_ACTIVE_ARCH = YES;
				SDKROOT = iphoneos;
				SWIFT_ACTIVE_COMPILATION_CONDITIONS = DEBUG;
				SWIFT_OPTIMIZATION_LEVEL = "-Onone";
			};
			name = Debug;
		};
		B621EE631FC3FE890080E310 /* Release */ = {
			isa = XCBuildConfiguration;
			buildSettings = {
				ALWAYS_SEARCH_USER_PATHS = NO;
				CLANG_ANALYZER_NONNULL = YES;
				CLANG_ANALYZER_NUMBER_OBJECT_CONVERSION = YES_AGGRESSIVE;
				CLANG_CXX_LANGUAGE_STANDARD = "gnu++14";
				CLANG_CXX_LIBRARY = "libc++";
				CLANG_ENABLE_MODULES = YES;
				CLANG_ENABLE_OBJC_ARC = YES;
				CLANG_WARN_BLOCK_CAPTURE_AUTORELEASING = YES;
				CLANG_WARN_BOOL_CONVERSION = YES;
				CLANG_WARN_COMMA = YES;
				CLANG_WARN_CONSTANT_CONVERSION = YES;
				CLANG_WARN_DIRECT_OBJC_ISA_USAGE = YES_ERROR;
				CLANG_WARN_DOCUMENTATION_COMMENTS = YES;
				CLANG_WARN_EMPTY_BODY = YES;
				CLANG_WARN_ENUM_CONVERSION = YES;
				CLANG_WARN_INFINITE_RECURSION = YES;
				CLANG_WARN_INT_CONVERSION = YES;
				CLANG_WARN_NON_LITERAL_NULL_CONVERSION = YES;
				CLANG_WARN_OBJC_LITERAL_CONVERSION = YES;
				CLANG_WARN_OBJC_ROOT_CLASS = YES_ERROR;
				CLANG_WARN_RANGE_LOOP_ANALYSIS = YES;
				CLANG_WARN_STRICT_PROTOTYPES = YES;
				CLANG_WARN_SUSPICIOUS_MOVE = YES;
				CLANG_WARN_UNGUARDED_AVAILABILITY = YES_AGGRESSIVE;
				CLANG_WARN_UNREACHABLE_CODE = YES;
				CLANG_WARN__DUPLICATE_METHOD_MATCH = YES;
				CODE_SIGN_IDENTITY = "iPhone Developer";
				COPY_PHASE_STRIP = NO;
				DEBUG_INFORMATION_FORMAT = "dwarf-with-dsym";
				ENABLE_NS_ASSERTIONS = NO;
				ENABLE_STRICT_OBJC_MSGSEND = YES;
				GCC_C_LANGUAGE_STANDARD = gnu11;
				GCC_NO_COMMON_BLOCKS = YES;
				GCC_WARN_64_TO_32_BIT_CONVERSION = YES;
				GCC_WARN_ABOUT_RETURN_TYPE = YES_ERROR;
				GCC_WARN_UNDECLARED_SELECTOR = YES;
				GCC_WARN_UNINITIALIZED_AUTOS = YES_AGGRESSIVE;
				GCC_WARN_UNUSED_FUNCTION = YES;
				GCC_WARN_UNUSED_VARIABLE = YES;
				IPHONEOS_DEPLOYMENT_TARGET = 11.1;
				MTL_ENABLE_DEBUG_INFO = NO;
				SDKROOT = iphoneos;
				SWIFT_OPTIMIZATION_LEVEL = "-Owholemodule";
				VALIDATE_PRODUCT = YES;
			};
			name = Release;
		};
		B621EE651FC3FE890080E310 /* Debug */ = {
			isa = XCBuildConfiguration;
			buildSettings = {
				ASSETCATALOG_COMPILER_APPICON_NAME = AppIcon;
				CODE_SIGN_STYLE = Automatic;
				INFOPLIST_FILE = MusicStream/Info.plist;
				LD_RUNPATH_SEARCH_PATHS = "$(inherited) @executable_path/Frameworks";
				PRODUCT_BUNDLE_IDENTIFIER = com.codingnugget.MusicStream;
				PRODUCT_NAME = "$(TARGET_NAME)";
				SWIFT_VERSION = 4.0;
				TARGETED_DEVICE_FAMILY = "1,2";
			};
			name = Debug;
		};
		B621EE661FC3FE890080E310 /* Release */ = {
			isa = XCBuildConfiguration;
			buildSettings = {
				ASSETCATALOG_COMPILER_APPICON_NAME = AppIcon;
				CODE_SIGN_STYLE = Automatic;
				INFOPLIST_FILE = MusicStream/Info.plist;
				LD_RUNPATH_SEARCH_PATHS = "$(inherited) @executable_path/Frameworks";
				PRODUCT_BUNDLE_IDENTIFIER = com.codingnugget.MusicStream;
				PRODUCT_NAME = "$(TARGET_NAME)";
				SWIFT_VERSION = 4.0;
				TARGETED_DEVICE_FAMILY = "1,2";
			};
			name = Release;
		};
/* End XCBuildConfiguration section */

/* Begin XCConfigurationList section */
		B621EE4A1FC3FE890080E310 /* Build configuration list for PBXProject "MusicStream" */ = {
			isa = XCConfigurationList;
			buildConfigurations = (
				B621EE621FC3FE890080E310 /* Debug */,
				B621EE631FC3FE890080E310 /* Release */,
			);
			defaultConfigurationIsVisible = 0;
			defaultConfigurationName = Release;
		};
		B621EE641FC3FE890080E310 /* Build configuration list for PBXNativeTarget "MusicStream" */ = {
			isa = XCConfigurationList;
			buildConfigurations = (
				B621EE651FC3FE890080E310 /* Debug */,
				B621EE661FC3FE890080E310 /* Release */,
			);
			defaultConfigurationIsVisible = 0;
			defaultConfigurationName = Release;
		};
/* End XCConfigurationList section */

/* Begin XCVersionGroup section */
		B621EE591FC3FE890080E310 /* MusicStream.xcdatamodeld */ = {
			isa = XCVersionGroup;
			children = (
				B621EE5A1FC3FE890080E310 /* MusicStream.xcdatamodel */,
			);
			currentVersion = B621EE5A1FC3FE890080E310 /* MusicStream.xcdatamodel */;
			path = MusicStream.xcdatamodeld;
			sourceTree = "<group>";
			versionGroupType = wrapper.xcdatamodel;
		};
/* End XCVersionGroup section */
	};
	rootObject = B621EE471FC3FE890080E310 /* Project object */;
}
